
Microsoft Visual Studio Solution File, Format Version 12.00
# Visual Studio Version 16
VisualStudioVersion = 16.0.30804.86
MinimumVisualStudioVersion = 10.0.40219.1
Project("{8BC9CEB8-8B4A-11D0-8D11-00A0C91BC942}") = "Pipeline", "Pipeline.vcxproj", "{5555662C-DCC5-4BE3-9296-AFF8096506B2}"
EndProject
Project("{2150E333-8FDC-42A3-9474-1A3956D46DE8}") = "Solution Items", "Solution Items", "{9DC1BF87-B609-4EA6-9FCF-27A561E8DBB1}"
	ProjectSection(SolutionItems) = preProject
		fragment.fs = fragment.fs
		vertex.vs = vertex.vs
	EndProjectSection
EndProject
Global
	GlobalSection(SolutionConfigurationPlatforms) = preSolution
		Debug|x64 = Debug|x64
		Debug|x86 = Debug|x86
		Release|x64 = Release|x64
		Release|x86 = Release|x86
	EndGlobalSection
	GlobalSection(ProjectConfigurationPlatforms) = postSolution
		{5555662C-DCC5-4BE3-9296-AFF8096506B2}.Debug|x64.ActiveCfg = Debug|x64
		{5555662C-DCC5-4BE3-9296-AFF8096506B2}.Debug|x64.Build.0 = Debug|x64
		{5555662C-DCC5-4BE3-9296-AFF8096506B2}.Debug|x86.ActiveCfg = Debug|Win32
		{5555662C-DCC5-4BE3-9296-AFF8096506B2}.Debug|x86.Build.0 = Debug|Win32
		{5555662C-DCC5-4BE3-9296-AFF8096506B2}.Release|x64.ActiveCfg = Release|x64
		{5555662C-DCC5-4BE3-9296-AFF8096506B2}.Release|x64.Build.0 = Release|x64
		{5555662C-DCC5-4BE3-9296-AFF8096506B2}.Release|x86.ActiveCfg = Release|Win32
		{5555662C-DCC5-4BE3-9296-AFF8096506B2}.Release|x86.Build.0 = Release|Win32
	EndGlobalSection
	GlobalSection(SolutionProperties) = preSolution
		HideSolutionNode = FALSE
	EndGlobalSection
	GlobalSection(ExtensibilityGlobals) = postSolution
		SolutionGuid = {E4D5AFEF-EBCE-4168-BFC4-C9B48F042264}
	EndGlobalSection
EndGlobal
